// !$*UTF8*$!
{
	archiveVersion = 1;
	classes = {
	};
	objectVersion = 56;
	objects = {

/* Begin PBXBuildFile section */
		FC813C4D2B86F885008D8BBD /* iDineAppApp.swift in Sources */ = {isa = PBXBuildFile; fileRef = FC813C4C2B86F885008D8BBD /* iDineAppApp.swift */; };
		FC813C512B86F888008D8BBD /* Assets.xcassets in Resources */ = {isa = PBXBuildFile; fileRef = FC813C502B86F888008D8BBD /* Assets.xcassets */; };
		FC813C542B86F888008D8BBD /* Preview Assets.xcassets in Resources */ = {isa = PBXBuildFile; fileRef = FC813C532B86F888008D8BBD /* Preview Assets.xcassets */; };
		FC813C8E2B874BF9008D8BBD /* Menu.swift in Sources */ = {isa = PBXBuildFile; fileRef = FC813C8A2B874BF9008D8BBD /* Menu.swift */; };
		FC813C8F2B874BF9008D8BBD /* Order.swift in Sources */ = {isa = PBXBuildFile; fileRef = FC813C8B2B874BF9008D8BBD /* Order.swift */; };
		FC813C902B874BF9008D8BBD /* menu.json in Resources */ = {isa = PBXBuildFile; fileRef = FC813C8C2B874BF9008D8BBD /* menu.json */; };
		FC813C912B874BF9008D8BBD /* Helper.swift in Sources */ = {isa = PBXBuildFile; fileRef = FC813C8D2B874BF9008D8BBD /* Helper.swift */; };
		FC813C942B874C90008D8BBD /* ContentView.swift in Sources */ = {isa = PBXBuildFile; fileRef = FC813C932B874C90008D8BBD /* ContentView.swift */; };
		FC813C962B8752C1008D8BBD /* ItemRow.swift in Sources */ = {isa = PBXBuildFile; fileRef = FC813C952B8752C1008D8BBD /* ItemRow.swift */; };
		FC813C982B875DF2008D8BBD /* ItemDetail.swift in Sources */ = {isa = PBXBuildFile; fileRef = FC813C972B875DF2008D8BBD /* ItemDetail.swift */; };
		FC813C9E2B8897C7008D8BBD /* OrderView.swift in Sources */ = {isa = PBXBuildFile; fileRef = FC813C9D2B8897C7008D8BBD /* OrderView.swift */; };
		FC813CA02B88995E008D8BBD /* MainView.swift in Sources */ = {isa = PBXBuildFile; fileRef = FC813C9F2B88995E008D8BBD /* MainView.swift */; };
		FC813CA22B88A11C008D8BBD /* CheckoutView.swift in Sources */ = {isa = PBXBuildFile; fileRef = FC813CA12B88A11C008D8BBD /* CheckoutView.swift */; };
/* End PBXBuildFile section */

/* Begin PBXFileReference section */
		FC813C492B86F885008D8BBD /* iDineApp.app */ = {isa = PBXFileReference; explicitFileType = wrapper.application; includeInIndex = 0; path = iDineApp.app; sourceTree = BUILT_PRODUCTS_DIR; };
		FC813C4C2B86F885008D8BBD /* iDineAppApp.swift */ = {isa = PBXFileReference; lastKnownFileType = sourcecode.swift; path = iDineAppApp.swift; sourceTree = "<group>"; };
		FC813C502B86F888008D8BBD /* Assets.xcassets */ = {isa = PBXFileReference; lastKnownFileType = folder.assetcatalog; path = Assets.xcassets; sourceTree = "<group>"; };
		FC813C532B86F888008D8BBD /* Preview Assets.xcassets */ = {isa = PBXFileReference; lastKnownFileType = folder.assetcatalog; path = "Preview Assets.xcassets"; sourceTree = "<group>"; };
		FC813C8A2B874BF9008D8BBD /* Menu.swift */ = {isa = PBXFileReference; fileEncoding = 4; lastKnownFileType = sourcecode.swift; path = Menu.swift; sourceTree = "<group>"; };
		FC813C8B2B874BF9008D8BBD /* Order.swift */ = {isa = PBXFileReference; fileEncoding = 4; lastKnownFileType = sourcecode.swift; path = Order.swift; sourceTree = "<group>"; };
		FC813C8C2B874BF9008D8BBD /* menu.json */ = {isa = PBXFileReference; fileEncoding = 4; lastKnownFileType = text.json; path = menu.json; sourceTree = "<group>"; };
		FC813C8D2B874BF9008D8BBD /* Helper.swift */ = {isa = PBXFileReference; fileEncoding = 4; lastKnownFileType = sourcecode.swift; path = Helper.swift; sourceTree = "<group>"; };
		FC813C932B874C90008D8BBD /* ContentView.swift */ = {isa = PBXFileReference; lastKnownFileType = sourcecode.swift; path = ContentView.swift; sourceTree = "<group>"; };
		FC813C952B8752C1008D8BBD /* ItemRow.swift */ = {isa = PBXFileReference; lastKnownFileType = sourcecode.swift; path = ItemRow.swift; sourceTree = "<group>"; };
		FC813C972B875DF2008D8BBD /* ItemDetail.swift */ = {isa = PBXFileReference; lastKnownFileType = sourcecode.swift; path = ItemDetail.swift; sourceTree = "<group>"; };
		FC813C9D2B8897C7008D8BBD /* OrderView.swift */ = {isa = PBXFileReference; lastKnownFileType = sourcecode.swift; path = OrderView.swift; sourceTree = "<group>"; };
		FC813C9F2B88995E008D8BBD /* MainView.swift */ = {isa = PBXFileReference; lastKnownFileType = sourcecode.swift; path = MainView.swift; sourceTree = "<group>"; };
		FC813CA12B88A11C008D8BBD /* CheckoutView.swift */ = {isa = PBXFileReference; lastKnownFileType = sourcecode.swift; path = CheckoutView.swift; sourceTree = "<group>"; };
/* End PBXFileReference section */

/* Begin PBXFrameworksBuildPhase section */
		FC813C462B86F885008D8BBD /* Frameworks */ = {
			isa = PBXFrameworksBuildPhase;
			buildActionMask = 2147483647;
			files = (
			);
			runOnlyForDeploymentPostprocessing = 0;
		};
/* End PBXFrameworksBuildPhase section */

/* Begin PBXGroup section */
		FC813C402B86F885008D8BBD = {
			isa = PBXGroup;
			children = (
				FC813C4B2B86F885008D8BBD /* iDineApp */,
				FC813C4A2B86F885008D8BBD /* Products */,
			);
			sourceTree = "<group>";
		};
		FC813C4A2B86F885008D8BBD /* Products */ = {
			isa = PBXGroup;
			children = (
				FC813C492B86F885008D8BBD /* iDineApp.app */,
			);
			name = Products;
			sourceTree = "<group>";
		};
		FC813C4B2B86F885008D8BBD /* iDineApp */ = {
			isa = PBXGroup;
			children = (
				FC813C4C2B86F885008D8BBD /* iDineAppApp.swift */,
				FC813C502B86F888008D8BBD /* Assets.xcassets */,
				FC813C922B874C39008D8BBD /* Helper */,
				FC813C932B874C90008D8BBD /* ContentView.swift */,
				FC813C952B8752C1008D8BBD /* ItemRow.swift */,
				FC813C972B875DF2008D8BBD /* ItemDetail.swift */,
				FC813CA12B88A11C008D8BBD /* CheckoutView.swift */,
				FC813C9D2B8897C7008D8BBD /* OrderView.swift */,
				FC813C9F2B88995E008D8BBD /* MainView.swift */,
				FC813C522B86F888008D8BBD /* Preview Content */,
			);
			path = iDineApp;
			sourceTree = "<group>";
		};
		FC813C522B86F888008D8BBD /* Preview Content */ = {
			isa = PBXGroup;
			children = (
				FC813C532B86F888008D8BBD /* Preview Assets.xcassets */,
			);
			path = "Preview Content";
			sourceTree = "<group>";
		};
		FC813C922B874C39008D8BBD /* Helper */ = {
			isa = PBXGroup;
			children = (
				FC813C8D2B874BF9008D8BBD /* Helper.swift */,
				FC813C8C2B874BF9008D8BBD /* menu.json */,
				FC813C8A2B874BF9008D8BBD /* Menu.swift */,
				FC813C8B2B874BF9008D8BBD /* Order.swift */,
			);
			path = Helper;
			sourceTree = "<group>";
		};
/* End PBXGroup section */

/* Begin PBXNativeTarget section */
		FC813C482B86F885008D8BBD /* iDineApp */ = {
			isa = PBXNativeTarget;
			buildConfigurationList = FC813C572B86F888008D8BBD /* Build configuration list for PBXNativeTarget "iDineApp" */;
			buildPhases = (
				FC813C452B86F885008D8BBD /* Sources */,
				FC813C462B86F885008D8BBD /* Frameworks */,
				FC813C472B86F885008D8BBD /* Resources */,
			);
			buildRules = (
			);
			dependencies = (
			);
			name = iDineApp;
			productName = iDineApp;
			productReference = FC813C492B86F885008D8BBD /* iDineApp.app */;
			productType = "com.apple.product-type.application";
		};
/* End PBXNativeTarget section */

/* Begin PBXProject section */
		FC813C412B86F885008D8BBD /* Project object */ = {
			isa = PBXProject;
			attributes = {
				BuildIndependentTargetsInParallel = 1;
				LastSwiftUpdateCheck = 1520;
				LastUpgradeCheck = 1520;
				TargetAttributes = {
					FC813C482B86F885008D8BBD = {
						CreatedOnToolsVersion = 15.2;
					};
				};
			};
			buildConfigurationList = FC813C442B86F885008D8BBD /* Build configuration list for PBXProject "iDineApp" */;
			compatibilityVersion = "Xcode 14.0";
			developmentRegion = en;
			hasScannedForEncodings = 0;
			knownRegions = (
				en,
				Base,
			);
			mainGroup = FC813C402B86F885008D8BBD;
			productRefGroup = FC813C4A2B86F885008D8BBD /* Products */;
			projectDirPath = "";
			projectRoot = "";
			targets = (
				FC813C482B86F885008D8BBD /* iDineApp */,
			);
		};
/* End PBXProject section */

/* Begin PBXResourcesBuildPhase section */
		FC813C472B86F885008D8BBD /* Resources */ = {
			isa = PBXResourcesBuildPhase;
			buildActionMask = 2147483647;
			files = (
				FC813C902B874BF9008D8BBD /* menu.json in Resources */,
				FC813C542B86F888008D8BBD /* Preview Assets.xcassets in Resources */,
				FC813C512B86F888008D8BBD /* Assets.xcassets in Resources */,
			);
			runOnlyForDeploymentPostprocessing = 0;
		};
/* End PBXResourcesBuildPhase section */

/* Begin PBXSourcesBuildPhase section */
		FC813C452B86F885008D8BBD /* Sources */ = {
			isa = PBXSourcesBuildPhase;
			buildActionMask = 2147483647;
			files = (
				FC813C982B875DF2008D8BBD /* ItemDetail.swift in Sources */,
				FC813CA02B88995E008D8BBD /* MainView.swift in Sources */,
				FC813CA22B88A11C008D8BBD /* CheckoutView.swift in Sources */,
				FC813C9E2B8897C7008D8BBD /* OrderView.swift in Sources */,
				FC813C8E2B874BF9008D8BBD /* Menu.swift in Sources */,
				FC813C942B874C90008D8BBD /* ContentView.swift in Sources */,
				FC813C912B874BF9008D8BBD /* Helper.swift in Sources */,
				FC813C962B8752C1008D8BBD /* ItemRow.swift in Sources */,
				FC813C8F2B874BF9008D8BBD /* Order.swift in Sources */,
				FC813C4D2B86F885008D8BBD /* iDineAppApp.swift in Sources */,
			);
			runOnlyForDeploymentPostprocessing = 0;
		};
/* End PBXSourcesBuildPhase section */

/* Begin XCBuildConfiguration section */
		FC813C552B86F888008D8BBD /* Debug */ = {
			isa = XCBuildConfiguration;
			buildSettings = {
				ALWAYS_SEARCH_USER_PATHS = NO;
				ASSETCATALOG_COMPILER_GENERATE_SWIFT_ASSET_SYMBOL_EXTENSIONS = YES;
				CLANG_ANALYZER_NONNULL = YES;
				CLANG_ANALYZER_NUMBER_OBJECT_CONVERSION = YES_AGGRESSIVE;
				CLANG_CXX_LANGUAGE_STANDARD = "gnu++20";
				CLANG_ENABLE_MODULES = YES;
				CLANG_ENABLE_OBJC_ARC = YES;
				CLANG_ENABLE_OBJC_WEAK = YES;
				CLANG_WARN_BLOCK_CAPTURE_AUTORELEASING = YES;
				CLANG_WARN_BOOL_CONVERSION = YES;
				CLANG_WARN_COMMA = YES;
				CLANG_WARN_CONSTANT_CONVERSION = YES;
				CLANG_WARN_DEPRECATED_OBJC_IMPLEMENTATIONS = YES;
				CLANG_WARN_DIRECT_OBJC_ISA_USAGE = YES_ERROR;
				CLANG_WARN_DOCUMENTATION_COMMENTS = YES;
				CLANG_WARN_EMPTY_BODY = YES;
				CLANG_WARN_ENUM_CONVERSION = YES;
				CLANG_WARN_INFINITE_RECURSION = YES;
				CLANG_WARN_INT_CONVERSION = YES;
				CLANG_WARN_NON_LITERAL_NULL_CONVERSION = YES;
				CLANG_WARN_OBJC_IMPLICIT_RETAIN_SELF = YES;
				CLANG_WARN_OBJC_LITERAL_CONVERSION = YES;
				CLANG_WARN_OBJC_ROOT_CLASS = YES_ERROR;
				CLANG_WARN_QUOTED_INCLUDE_IN_FRAMEWORK_HEADER = YES;
				CLANG_WARN_RANGE_LOOP_ANALYSIS = YES;
				CLANG_WARN_STRICT_PROTOTYPES = YES;
				CLANG_WARN_SUSPICIOUS_MOVE = YES;
				CLANG_WARN_UNGUARDED_AVAILABILITY = YES_AGGRESSIVE;
				CLANG_WARN_UNREACHABLE_CODE = YES;
				CLANG_WARN__DUPLICATE_METHOD_MATCH = YES;
				COPY_PHASE_STRIP = NO;
				DEBUG_INFORMATION_FORMAT = dwarf;
				ENABLE_STRICT_OBJC_MSGSEND = YES;
				ENABLE_TESTABILITY = YES;
				ENABLE_USER_SCRIPT_SANDBOXING = YES;
				GCC_C_LANGUAGE_STANDARD = gnu17;
				GCC_DYNAMIC_NO_PIC = NO;
				GCC_NO_COMMON_BLOCKS = YES;
				GCC_OPTIMIZATION_LEVEL = 0;
				GCC_PREPROCESSOR_DEFINITIONS = (
					"DEBUG=1",
					"$(inherited)",
				);
				GCC_WARN_64_TO_32_BIT_CONVERSION = YES;
				GCC_WARN_ABOUT_RETURN_TYPE = YES_ERROR;
				GCC_WARN_UNDECLARED_SELECTOR = YES;
				GCC_WARN_UNINITIALIZED_AUTOS = YES_AGGRESSIVE;
				GCC_WARN_UNUSED_FUNCTION = YES;
				GCC_WARN_UNUSED_VARIABLE = YES;
				IPHONEOS_DEPLOYMENT_TARGET = 17.2;
				LOCALIZATION_PREFERS_STRING_CATALOGS = YES;
				MTL_ENABLE_DEBUG_INFO = INCLUDE_SOURCE;
				MTL_FAST_MATH = YES;
				ONLY_ACTIVE_ARCH = YES;
				SDKROOT = iphoneos;
				SWIFT_ACTIVE_COMPILATION_CONDITIONS = "DEBUG $(inherited)";
				SWIFT_OPTIMIZATION_LEVEL = "-Onone";
			};
			name = Debug;
		};
		FC813C562B86F888008D8BBD /* Release */ = {
			isa = XCBuildConfiguration;
			buildSettings = {
				ALWAYS_SEARCH_USER_PATHS = NO;
				ASSETCATALOG_COMPILER_GENERATE_SWIFT_ASSET_SYMBOL_EXTENSIONS = YES;
				CLANG_ANALYZER_NONNULL = YES;
				CLANG_ANALYZER_NUMBER_OBJECT_CONVERSION = YES_AGGRESSIVE;
				CLANG_CXX_LANGUAGE_STANDARD = "gnu++20";
				CLANG_ENABLE_MODULES = YES;
				CLANG_ENABLE_OBJC_ARC = YES;
				CLANG_ENABLE_OBJC_WEAK = YES;
				CLANG_WARN_BLOCK_CAPTURE_AUTORELEASING = YES;
				CLANG_WARN_BOOL_CONVERSION = YES;
				CLANG_WARN_COMMA = YES;
				CLANG_WARN_CONSTANT_CONVERSION = YES;
				CLANG_WARN_DEPRECATED_OBJC_IMPLEMENTATIONS = YES;
				CLANG_WARN_DIRECT_OBJC_ISA_USAGE = YES_ERROR;
				CLANG_WARN_DOCUMENTATION_COMMENTS = YES;
				CLANG_WARN_EMPTY_BODY = YES;
				CLANG_WARN_ENUM_CONVERSION = YES;
				CLANG_WARN_INFINITE_RECURSION = YES;
				CLANG_WARN_INT_CONVERSION = YES;
				CLANG_WARN_NON_LITERAL_NULL_CONVERSION = YES;
				CLANG_WARN_OBJC_IMPLICIT_RETAIN_SELF = YES;
				CLANG_WARN_OBJC_LITERAL_CONVERSION = YES;
				CLANG_WARN_OBJC_ROOT_CLASS = YES_ERROR;
				CLANG_WARN_QUOTED_INCLUDE_IN_FRAMEWORK_HEADER = YES;
				CLANG_WARN_RANGE_LOOP_ANALYSIS = YES;
				CLANG_WARN_STRICT_PROTOTYPES = YES;
				CLANG_WARN_SUSPICIOUS_MOVE = YES;
				CLANG_WARN_UNGUARDED_AVAILABILITY = YES_AGGRESSIVE;
				CLANG_WARN_UNREACHABLE_CODE = YES;
				CLANG_WARN__DUPLICATE_METHOD_MATCH = YES;
				COPY_PHASE_STRIP = NO;
				DEBUG_INFORMATION_FORMAT = "dwarf-with-dsym";
				ENABLE_NS_ASSERTIONS = NO;
				ENABLE_STRICT_OBJC_MSGSEND = YES;
				ENABLE_USER_SCRIPT_SANDBOXING = YES;
				GCC_C_LANGUAGE_STANDARD = gnu17;
				GCC_NO_COMMON_BLOCKS = YES;
				GCC_WARN_64_TO_32_BIT_CONVERSION = YES;
				GCC_WARN_ABOUT_RETURN_TYPE = YES_ERROR;
				GCC_WARN_UNDECLARED_SELECTOR = YES;
				GCC_WARN_UNINITIALIZED_AUTOS = YES_AGGRESSIVE;
				GCC_WARN_UNUSED_FUNCTION = YES;
				GCC_WARN_UNUSED_VARIABLE = YES;
				IPHONEOS_DEPLOYMENT_TARGET = 17.2;
				LOCALIZATION_PREFERS_STRING_CATALOGS = YES;
				MTL_ENABLE_DEBUG_INFO = NO;
				MTL_FAST_MATH = YES;
				SDKROOT = iphoneos;
				SWIFT_COMPILATION_MODE = wholemodule;
				VALIDATE_PRODUCT = YES;
			};
			name = Release;
		};
		FC813C582B86F888008D8BBD /* Debug */ = {
			isa = XCBuildConfiguration;
			buildSettings = {
				ASSETCATALOG_COMPILER_APPICON_NAME = AppIcon;
				ASSETCATALOG_COMPILER_GLOBAL_ACCENT_COLOR_NAME = AccentColor;
				CODE_SIGN_STYLE = Automatic;
				CURRENT_PROJECT_VERSION = 1;
				DEVELOPMENT_ASSET_PATHS = "\"iDineApp/Preview Content\"";
				DEVELOPMENT_TEAM = 3RX8934H77;
				ENABLE_PREVIEWS = YES;
				GENERATE_INFOPLIST_FILE = YES;
				INFOPLIST_KEY_UIApplicationSceneManifest_Generation = YES;
				INFOPLIST_KEY_UIApplicationSupportsIndirectInputEvents = YES;
				INFOPLIST_KEY_UILaunchScreen_Generation = YES;
				INFOPLIST_KEY_UISupportedInterfaceOrientations_iPad = "UIInterfaceOrientationPortrait UIInterfaceOrientationPortraitUpsideDown UIInterfaceOrientationLandscapeLeft UIInterfaceOrientationLandscapeRight";
				INFOPLIST_KEY_UISupportedInterfaceOrientations_iPhone = "UIInterfaceOrientationPortrait UIInterfaceOrientationLandscapeLeft UIInterfaceOrientationLandscapeRight";
				LD_RUNPATH_SEARCH_PATHS = (
					"$(inherited)",
					"@executable_path/Frameworks",
				);
				MARKETING_VERSION = 1.0;
				PRODUCT_BUNDLE_IDENTIFIER = com.manoj.SwiftUIApp.iDineApp;
				PRODUCT_NAME = "$(TARGET_NAME)";
				SWIFT_EMIT_LOC_STRINGS = YES;
				SWIFT_VERSION = 5.0;
				TARGETED_DEVICE_FAMILY = "1,2";
			};
			name = Debug;
		};
		FC813C592B86F888008D8BBD /* Release */ = {
			isa = XCBuildConfiguration;
			buildSettings = {
				ASSETCATALOG_COMPILER_APPICON_NAME = AppIcon;
				ASSETCATALOG_COMPILER_GLOBAL_ACCENT_COLOR_NAME = AccentColor;
				CODE_SIGN_STYLE = Automatic;
				CURRENT_PROJECT_VERSION = 1;
				DEVELOPMENT_ASSET_PATHS = "\"iDineApp/Preview Content\"";
				DEVELOPMENT_TEAM = 3RX8934H77;
				ENABLE_PREVIEWS = YES;
				GENERATE_INFOPLIST_FILE = YES;
				INFOPLIST_KEY_UIApplicationSceneManifest_Generation = YES;
				INFOPLIST_KEY_UIApplicationSupportsIndirectInputEvents = YES;
				INFOPLIST_KEY_UILaunchScreen_Generation = YES;
				INFOPLIST_KEY_UISupportedInterfaceOrientations_iPad = "UIInterfaceOrientationPortrait UIInterfaceOrientationPortraitUpsideDown UIInterfaceOrientationLandscapeLeft UIInterfaceOrientationLandscapeRight";
				INFOPLIST_KEY_UISupportedInterfaceOrientations_iPhone = "UIInterfaceOrientationPortrait UIInterfaceOrientationLandscapeLeft UIInterfaceOrientationLandscapeRight";
				LD_RUNPATH_SEARCH_PATHS = (
					"$(inherited)",
					"@executable_path/Frameworks",
				);
				MARKETING_VERSION = 1.0;
				PRODUCT_BUNDLE_IDENTIFIER = com.manoj.SwiftUIApp.iDineApp;
				PRODUCT_NAME = "$(TARGET_NAME)";
				SWIFT_EMIT_LOC_STRINGS = YES;
				SWIFT_VERSION = 5.0;
				TARGETED_DEVICE_FAMILY = "1,2";
			};
			name = Release;
		};
/* End XCBuildConfiguration section */

/* Begin XCConfigurationList section */
		FC813C442B86F885008D8BBD /* Build configuration list for PBXProject "iDineApp" */ = {
			isa = XCConfigurationList;
			buildConfigurations = (
				FC813C552B86F888008D8BBD /* Debug */,
				FC813C562B86F888008D8BBD /* Release */,
			);
			defaultConfigurationIsVisible = 0;
			defaultConfigurationName = Release;
		};
		FC813C572B86F888008D8BBD /* Build configuration list for PBXNativeTarget "iDineApp" */ = {
			isa = XCConfigurationList;
			buildConfigurations = (
				FC813C582B86F888008D8BBD /* Debug */,
				FC813C592B86F888008D8BBD /* Release */,
			);
			defaultConfigurationIsVisible = 0;
			defaultConfigurationName = Release;
		};
/* End XCConfigurationList section */
	};
	rootObject = FC813C412B86F885008D8BBD /* Project object */;
}
